
Microsoft Visual Studio Solution File, Format Version 12.00
# Visual Studio Version 17
VisualStudioVersion = 17.11.35327.3
MinimumVisualStudioVersion = 10.0.40219.1
Project("{FAE04EC0-301F-11D3-BF4B-00C04F79EFBC}") = "SteamWebAuthenticator", "SteamWebAuthenticator\SteamWebAuthenticator.csproj", "{051FAE9F-BFC9-462E-BF30-39233ACCE56F}"
EndProject
Project("{FAE04EC0-301F-11D3-BF4B-00C04F79EFBC}") = "SteamWebAuth", "SteamWebAuth\SteamWebAuth.csproj", "{C6F344DF-BDBB-41D2-9A7C-964B3526209B}"
EndProject
Global
	GlobalSection(SolutionConfigurationPlatforms) = preSolution
		Debug|Any CPU = Debug|Any CPU
		Release|Any CPU = Release|Any CPU
	EndGlobalSection
	GlobalSection(ProjectConfigurationPlatforms) = postSolution
		{051FAE9F-BFC9-462E-BF30-39233ACCE56F}.Debug|Any CPU.ActiveCfg = Debug|Any CPU
		{051FAE9F-BFC9-462E-BF30-39233ACCE56F}.Debug|Any CPU.Build.0 = Debug|Any CPU
		{051FAE9F-BFC9-462E-BF30-39233ACCE56F}.Release|Any CPU.ActiveCfg = Release|Any CPU
		{051FAE9F-BFC9-462E-BF30-39233ACCE56F}.Release|Any CPU.Build.0 = Release|Any CPU
		{C6F344DF-BDBB-41D2-9A7C-964B3526209B}.Debug|Any CPU.ActiveCfg = Debug|Any CPU
		{C6F344DF-BDBB-41D2-9A7C-964B3526209B}.Debug|Any CPU.Build.0 = Debug|Any CPU
		{C6F344DF-BDBB-41D2-9A7C-964B3526209B}.Release|Any CPU.ActiveCfg = Release|Any CPU
		{C6F344DF-BDBB-41D2-9A7C-964B3526209B}.Release|Any CPU.Build.0 = Release|Any CPU
	EndGlobalSection
	GlobalSection(SolutionProperties) = preSolution
		HideSolutionNode = FALSE
	EndGlobalSection
	GlobalSection(ExtensibilityGlobals) = postSolution
		SolutionGuid = {44873D7A-B20E-4469-9EFE-3E8559BCA721}
	EndGlobalSection
EndGlobal
