
Microsoft Visual Studio Solution File, Format Version 12.00
# Visual Studio Version 17
VisualStudioVersion = 17.8.34330.188
MinimumVisualStudioVersion = 10.0.40219.1
Project("{9A19103F-16F7-4668-BE54-9A1E7A4F7556}") = "SteamAuth", "..\lib\SteamAuth\SteamAuth\SteamAuth.csproj", "{5AD0934E-F6C4-4AE5-83AF-C788313B2A87}"
EndProject
Project("{9A19103F-16F7-4668-BE54-9A1E7A4F7556}") = "SteamWebAuthenticator", "SteamWebAuthenticator.csproj", "{BE7DA55E-BE19-4B3A-A3CF-3E25CB1344CB}"
EndProject
Global
	GlobalSection(SolutionConfigurationPlatforms) = preSolution
		Debug|Any CPU = Debug|Any CPU
		Debug|x86 = Debug|x86
		Release|Any CPU = Release|Any CPU
		Release|x86 = Release|x86
	EndGlobalSection
	GlobalSection(ProjectConfigurationPlatforms) = postSolution
		{5AD0934E-F6C4-4AE5-83AF-C788313B2A87}.Debug|Any CPU.ActiveCfg = Debug|Any CPU
		{5AD0934E-F6C4-4AE5-83AF-C788313B2A87}.Debug|Any CPU.Build.0 = Debug|Any CPU
		{5AD0934E-F6C4-4AE5-83AF-C788313B2A87}.Debug|x86.ActiveCfg = Debug|Any CPU
		{5AD0934E-F6C4-4AE5-83AF-C788313B2A87}.Debug|x86.Build.0 = Debug|Any CPU
		{5AD0934E-F6C4-4AE5-83AF-C788313B2A87}.Release|Any CPU.ActiveCfg = Release|Any CPU
		{5AD0934E-F6C4-4AE5-83AF-C788313B2A87}.Release|Any CPU.Build.0 = Release|Any CPU
		{5AD0934E-F6C4-4AE5-83AF-C788313B2A87}.Release|x86.ActiveCfg = Release|Any CPU
		{5AD0934E-F6C4-4AE5-83AF-C788313B2A87}.Release|x86.Build.0 = Release|Any CPU
		{BE7DA55E-BE19-4B3A-A3CF-3E25CB1344CB}.Debug|Any CPU.ActiveCfg = Debug|Any CPU
		{BE7DA55E-BE19-4B3A-A3CF-3E25CB1344CB}.Debug|Any CPU.Build.0 = Debug|Any CPU
		{BE7DA55E-BE19-4B3A-A3CF-3E25CB1344CB}.Debug|x86.ActiveCfg = Debug|Any CPU
		{BE7DA55E-BE19-4B3A-A3CF-3E25CB1344CB}.Debug|x86.Build.0 = Debug|Any CPU
		{BE7DA55E-BE19-4B3A-A3CF-3E25CB1344CB}.Release|Any CPU.ActiveCfg = Release|Any CPU
		{BE7DA55E-BE19-4B3A-A3CF-3E25CB1344CB}.Release|Any CPU.Build.0 = Release|Any CPU
		{BE7DA55E-BE19-4B3A-A3CF-3E25CB1344CB}.Release|x86.ActiveCfg = Release|Any CPU
		{BE7DA55E-BE19-4B3A-A3CF-3E25CB1344CB}.Release|x86.Build.0 = Release|Any CPU
	EndGlobalSection
	GlobalSection(SolutionProperties) = preSolution
		HideSolutionNode = FALSE
	EndGlobalSection
	GlobalSection(ExtensibilityGlobals) = postSolution
		SolutionGuid = {E08C2BAC-B000-4D2B-BCA2-5FFE9924EE57}
	EndGlobalSection
EndGlobal
